{
  "name": "private-npm-test",
  "version": "1.0.0",
  "lockfileVersion": 3,
  "requires": true,
  "packages": {
    "": {
      "name": "private-npm-test",
      "version": "1.0.0",
      "license": "ISC",
      "dependencies": {
        "@console/cc-design-tokens": "^1.15.1"
      }
    },
    "node_modules/@console/cc-design-tokens": {
      "version": "1.15.1",
      "resolved": "https://registry.npmjs.org/@console/cc-design-tokens/-/cc-design-tokens-1.15.1.tgz",
      "integrity": "sha512-uuQAunUX2w8w4y1tDg7Bzz2JXwrlWBxKjxc4g40U6AIctQ+NYcME4VeUuyt4SjZF/yIsP/51FwJwESesBrc1cw=="
    }
  }
}
